// !$*UTF8*$!
{
	archiveVersion = 1;
	classes = {
	};
	objectVersion = 50;
	objects = {

/* Begin PBXBuildFile section */
		0173E87E20E18C6D00508EC2 /* AppDelegate.swift in Sources */ = {isa = PBXBuildFile; fileRef = 0173E87D20E18C6D00508EC2 /* AppDelegate.swift */; };
		0173E88520E18C6F00508EC2 /* Assets.xcassets in Resources */ = {isa = PBXBuildFile; fileRef = 0173E88420E18C6F00508EC2 /* Assets.xcassets */; };
		0173E88820E18C6F00508EC2 /* LaunchScreen.storyboard in Resources */ = {isa = PBXBuildFile; fileRef = 0173E88620E18C6F00508EC2 /* LaunchScreen.storyboard */; };
		81270A5620E2B03F005F7152 /* FeedCollectionViewCell.swift in Sources */ = {isa = PBXBuildFile; fileRef = 81270A5520E2B03F005F7152 /* FeedCollectionViewCell.swift */; };
		813E2FE820E18EE300D10BF9 /* MainTabBarController.swift in Sources */ = {isa = PBXBuildFile; fileRef = 813E2FE720E18EE300D10BF9 /* MainTabBarController.swift */; };
		813E2FEB20E1912C00D10BF9 /* FeedViewController.swift in Sources */ = {isa = PBXBuildFile; fileRef = 813E2FEA20E1912C00D10BF9 /* FeedViewController.swift */; };
		813E2FEE20E1913B00D10BF9 /* DirectoryViewController.swift in Sources */ = {isa = PBXBuildFile; fileRef = 813E2FED20E1913B00D10BF9 /* DirectoryViewController.swift */; };
		813E2FF120E1915D00D10BF9 /* ProfileViewController.swift in Sources */ = {isa = PBXBuildFile; fileRef = 813E2FF020E1915D00D10BF9 /* ProfileViewController.swift */; };
		813E2FF720E1919100D10BF9 /* SettingsViewController.swift in Sources */ = {isa = PBXBuildFile; fileRef = 813E2FF620E1919100D10BF9 /* SettingsViewController.swift */; };
		813E2FF920E195F400D10BF9 /* UIView+Extensions.swift in Sources */ = {isa = PBXBuildFile; fileRef = 813E2FF820E195F400D10BF9 /* UIView+Extensions.swift */; };
		813E2FFC20E1973800D10BF9 /* UIColor+Extensions.swift in Sources */ = {isa = PBXBuildFile; fileRef = 813E2FFB20E1973800D10BF9 /* UIColor+Extensions.swift */; };
<<<<<<< HEAD
		B0A81EE220E339280003BCC5 /* KEDStudent.swift in Sources */ = {isa = PBXBuildFile; fileRef = B0A81EE120E339280003BCC5 /* KEDStudent.swift */; };
=======
		8186C61520E4293500B4DD24 /* SF-Pro-Text-Regular.otf in Resources */ = {isa = PBXBuildFile; fileRef = 8186C5F720E4293500B4DD24 /* SF-Pro-Text-Regular.otf */; };
		8186C61620E4293500B4DD24 /* SF-Pro-Text-Bold.otf in Resources */ = {isa = PBXBuildFile; fileRef = 8186C5F820E4293500B4DD24 /* SF-Pro-Text-Bold.otf */; };
		8186C62020E4293500B4DD24 /* SF-Pro-Text-Semibold.otf in Resources */ = {isa = PBXBuildFile; fileRef = 8186C60220E4293500B4DD24 /* SF-Pro-Text-Semibold.otf */; };
		8186C62420E4293500B4DD24 /* SF-Pro-Text-Medium.otf in Resources */ = {isa = PBXBuildFile; fileRef = 8186C60620E4293500B4DD24 /* SF-Pro-Text-Medium.otf */; };
		8186C62820E4294B00B4DD24 /* UIFont+Extension.swift in Sources */ = {isa = PBXBuildFile; fileRef = 8186C62720E4294B00B4DD24 /* UIFont+Extension.swift */; };
>>>>>>> cc9e0a17c80b5c94ba7fd50a240a4e2c7b67eab3
/* End PBXBuildFile section */

/* Begin PBXFileReference section */
		0173E87A20E18C6D00508EC2 /* BadgingTracker.app */ = {isa = PBXFileReference; explicitFileType = wrapper.application; includeInIndex = 0; path = BadgingTracker.app; sourceTree = BUILT_PRODUCTS_DIR; };
		0173E87D20E18C6D00508EC2 /* AppDelegate.swift */ = {isa = PBXFileReference; lastKnownFileType = sourcecode.swift; path = AppDelegate.swift; sourceTree = "<group>"; };
		0173E88420E18C6F00508EC2 /* Assets.xcassets */ = {isa = PBXFileReference; lastKnownFileType = folder.assetcatalog; path = Assets.xcassets; sourceTree = "<group>"; };
		0173E88720E18C6F00508EC2 /* Base */ = {isa = PBXFileReference; lastKnownFileType = file.storyboard; name = Base; path = Base.lproj/LaunchScreen.storyboard; sourceTree = "<group>"; };
		0173E88920E18C6F00508EC2 /* Info.plist */ = {isa = PBXFileReference; lastKnownFileType = text.plist.xml; path = Info.plist; sourceTree = "<group>"; };
		81270A5520E2B03F005F7152 /* FeedCollectionViewCell.swift */ = {isa = PBXFileReference; lastKnownFileType = sourcecode.swift; path = FeedCollectionViewCell.swift; sourceTree = "<group>"; };
		813E2FE720E18EE300D10BF9 /* MainTabBarController.swift */ = {isa = PBXFileReference; lastKnownFileType = sourcecode.swift; path = MainTabBarController.swift; sourceTree = "<group>"; };
		813E2FEA20E1912C00D10BF9 /* FeedViewController.swift */ = {isa = PBXFileReference; lastKnownFileType = sourcecode.swift; path = FeedViewController.swift; sourceTree = "<group>"; };
		813E2FED20E1913B00D10BF9 /* DirectoryViewController.swift */ = {isa = PBXFileReference; lastKnownFileType = sourcecode.swift; path = DirectoryViewController.swift; sourceTree = "<group>"; };
		813E2FF020E1915D00D10BF9 /* ProfileViewController.swift */ = {isa = PBXFileReference; lastKnownFileType = sourcecode.swift; path = ProfileViewController.swift; sourceTree = "<group>"; };
		813E2FF620E1919100D10BF9 /* SettingsViewController.swift */ = {isa = PBXFileReference; lastKnownFileType = sourcecode.swift; path = SettingsViewController.swift; sourceTree = "<group>"; };
		813E2FF820E195F400D10BF9 /* UIView+Extensions.swift */ = {isa = PBXFileReference; lastKnownFileType = sourcecode.swift; path = "UIView+Extensions.swift"; sourceTree = "<group>"; };
		813E2FFB20E1973800D10BF9 /* UIColor+Extensions.swift */ = {isa = PBXFileReference; lastKnownFileType = sourcecode.swift; path = "UIColor+Extensions.swift"; sourceTree = "<group>"; };
<<<<<<< HEAD
		B0A81EE120E339280003BCC5 /* KEDStudent.swift */ = {isa = PBXFileReference; lastKnownFileType = sourcecode.swift; path = KEDStudent.swift; sourceTree = "<group>"; };
=======
		8186C5F720E4293500B4DD24 /* SF-Pro-Text-Regular.otf */ = {isa = PBXFileReference; lastKnownFileType = file; path = "SF-Pro-Text-Regular.otf"; sourceTree = "<group>"; };
		8186C5F820E4293500B4DD24 /* SF-Pro-Text-Bold.otf */ = {isa = PBXFileReference; lastKnownFileType = file; path = "SF-Pro-Text-Bold.otf"; sourceTree = "<group>"; };
		8186C60220E4293500B4DD24 /* SF-Pro-Text-Semibold.otf */ = {isa = PBXFileReference; lastKnownFileType = file; path = "SF-Pro-Text-Semibold.otf"; sourceTree = "<group>"; };
		8186C60620E4293500B4DD24 /* SF-Pro-Text-Medium.otf */ = {isa = PBXFileReference; lastKnownFileType = file; path = "SF-Pro-Text-Medium.otf"; sourceTree = "<group>"; };
		8186C62720E4294B00B4DD24 /* UIFont+Extension.swift */ = {isa = PBXFileReference; lastKnownFileType = sourcecode.swift; path = "UIFont+Extension.swift"; sourceTree = "<group>"; };
>>>>>>> cc9e0a17c80b5c94ba7fd50a240a4e2c7b67eab3
/* End PBXFileReference section */

/* Begin PBXFrameworksBuildPhase section */
		0173E87720E18C6D00508EC2 /* Frameworks */ = {
			isa = PBXFrameworksBuildPhase;
			buildActionMask = 2147483647;
			files = (
			);
			runOnlyForDeploymentPostprocessing = 0;
		};
/* End PBXFrameworksBuildPhase section */

/* Begin PBXGroup section */
		0173E87120E18C6D00508EC2 = {
			isa = PBXGroup;
			children = (
				B0A81EE320E3392F0003BCC5 /* Models */,
				B0A81EE120E339280003BCC5 /* KEDStudent.swift */,
				0173E87C20E18C6D00508EC2 /* BadgingTracker */,
				0173E87B20E18C6D00508EC2 /* Products */,
			);
			sourceTree = "<group>";
		};
		0173E87B20E18C6D00508EC2 /* Products */ = {
			isa = PBXGroup;
			children = (
				0173E87A20E18C6D00508EC2 /* BadgingTracker.app */,
			);
			name = Products;
			sourceTree = "<group>";
		};
		0173E87C20E18C6D00508EC2 /* BadgingTracker */ = {
			isa = PBXGroup;
			children = (
				0173E87D20E18C6D00508EC2 /* AppDelegate.swift */,
				81270A5320E2AB05005F7152 /* Models */,
				81270A5420E2AB17005F7152 /* ModelControllers */,
				81270A5220E2AAFA005F7152 /* Views */,
				813E2FE920E18EE700D10BF9 /* ViewControllers */,
				813E2FE620E18E9600D10BF9 /* Resources */,
			);
			path = BadgingTracker;
			sourceTree = "<group>";
		};
		81270A5220E2AAFA005F7152 /* Views */ = {
			isa = PBXGroup;
			children = (
				81270A5520E2B03F005F7152 /* FeedCollectionViewCell.swift */,
			);
			path = Views;
			sourceTree = "<group>";
		};
		81270A5320E2AB05005F7152 /* Models */ = {
			isa = PBXGroup;
			children = (
			);
			path = Models;
			sourceTree = "<group>";
		};
		81270A5420E2AB17005F7152 /* ModelControllers */ = {
			isa = PBXGroup;
			children = (
			);
			path = ModelControllers;
			sourceTree = "<group>";
		};
		813E2FE620E18E9600D10BF9 /* Resources */ = {
			isa = PBXGroup;
			children = (
				8186C5EA20E4293500B4DD24 /* SF Pro */,
				813E2FFA20E195F800D10BF9 /* Extensions */,
				0173E88420E18C6F00508EC2 /* Assets.xcassets */,
				0173E88620E18C6F00508EC2 /* LaunchScreen.storyboard */,
				0173E88920E18C6F00508EC2 /* Info.plist */,
			);
			path = Resources;
			sourceTree = "<group>";
		};
		813E2FE920E18EE700D10BF9 /* ViewControllers */ = {
			isa = PBXGroup;
			children = (
				813E2FE720E18EE300D10BF9 /* MainTabBarController.swift */,
				813E2FEA20E1912C00D10BF9 /* FeedViewController.swift */,
				813E2FED20E1913B00D10BF9 /* DirectoryViewController.swift */,
				813E2FF020E1915D00D10BF9 /* ProfileViewController.swift */,
				813E2FF620E1919100D10BF9 /* SettingsViewController.swift */,
			);
			path = ViewControllers;
			sourceTree = "<group>";
		};
		813E2FFA20E195F800D10BF9 /* Extensions */ = {
			isa = PBXGroup;
			children = (
				813E2FF820E195F400D10BF9 /* UIView+Extensions.swift */,
				813E2FFB20E1973800D10BF9 /* UIColor+Extensions.swift */,
				8186C62720E4294B00B4DD24 /* UIFont+Extension.swift */,
			);
			path = Extensions;
			sourceTree = "<group>";
		};
<<<<<<< HEAD
		B0A81EE320E3392F0003BCC5 /* Models */ = {
			isa = PBXGroup;
			children = (
			);
			path = Models;
=======
		8186C5EA20E4293500B4DD24 /* SF Pro */ = {
			isa = PBXGroup;
			children = (
				8186C5F720E4293500B4DD24 /* SF-Pro-Text-Regular.otf */,
				8186C5F820E4293500B4DD24 /* SF-Pro-Text-Bold.otf */,
				8186C60220E4293500B4DD24 /* SF-Pro-Text-Semibold.otf */,
				8186C60620E4293500B4DD24 /* SF-Pro-Text-Medium.otf */,
			);
			path = "SF Pro";
>>>>>>> cc9e0a17c80b5c94ba7fd50a240a4e2c7b67eab3
			sourceTree = "<group>";
		};
/* End PBXGroup section */

/* Begin PBXNativeTarget section */
		0173E87920E18C6D00508EC2 /* BadgingTracker */ = {
			isa = PBXNativeTarget;
			buildConfigurationList = 0173E88C20E18C6F00508EC2 /* Build configuration list for PBXNativeTarget "BadgingTracker" */;
			buildPhases = (
				0173E87620E18C6D00508EC2 /* Sources */,
				0173E87720E18C6D00508EC2 /* Frameworks */,
				0173E87820E18C6D00508EC2 /* Resources */,
			);
			buildRules = (
			);
			dependencies = (
			);
			name = BadgingTracker;
			productName = BadgingTracker;
			productReference = 0173E87A20E18C6D00508EC2 /* BadgingTracker.app */;
			productType = "com.apple.product-type.application";
		};
/* End PBXNativeTarget section */

/* Begin PBXProject section */
		0173E87220E18C6D00508EC2 /* Project object */ = {
			isa = PBXProject;
			attributes = {
				LastSwiftUpdateCheck = 0940;
				LastUpgradeCheck = 0940;
				ORGANIZATIONNAME = "Nick Reichard";
				TargetAttributes = {
					0173E87920E18C6D00508EC2 = {
						CreatedOnToolsVersion = 9.4.1;
					};
				};
			};
			buildConfigurationList = 0173E87520E18C6D00508EC2 /* Build configuration list for PBXProject "BadgingTracker" */;
			compatibilityVersion = "Xcode 9.3";
			developmentRegion = en;
			hasScannedForEncodings = 0;
			knownRegions = (
				en,
				Base,
			);
			mainGroup = 0173E87120E18C6D00508EC2;
			productRefGroup = 0173E87B20E18C6D00508EC2 /* Products */;
			projectDirPath = "";
			projectRoot = "";
			targets = (
				0173E87920E18C6D00508EC2 /* BadgingTracker */,
			);
		};
/* End PBXProject section */

/* Begin PBXResourcesBuildPhase section */
		0173E87820E18C6D00508EC2 /* Resources */ = {
			isa = PBXResourcesBuildPhase;
			buildActionMask = 2147483647;
			files = (
				8186C61620E4293500B4DD24 /* SF-Pro-Text-Bold.otf in Resources */,
				0173E88820E18C6F00508EC2 /* LaunchScreen.storyboard in Resources */,
				8186C62420E4293500B4DD24 /* SF-Pro-Text-Medium.otf in Resources */,
				8186C62020E4293500B4DD24 /* SF-Pro-Text-Semibold.otf in Resources */,
				8186C61520E4293500B4DD24 /* SF-Pro-Text-Regular.otf in Resources */,
				0173E88520E18C6F00508EC2 /* Assets.xcassets in Resources */,
			);
			runOnlyForDeploymentPostprocessing = 0;
		};
/* End PBXResourcesBuildPhase section */

/* Begin PBXSourcesBuildPhase section */
		0173E87620E18C6D00508EC2 /* Sources */ = {
			isa = PBXSourcesBuildPhase;
			buildActionMask = 2147483647;
			files = (
				813E2FF920E195F400D10BF9 /* UIView+Extensions.swift in Sources */,
				813E2FEE20E1913B00D10BF9 /* DirectoryViewController.swift in Sources */,
				813E2FE820E18EE300D10BF9 /* MainTabBarController.swift in Sources */,
				B0A81EE220E339280003BCC5 /* KEDStudent.swift in Sources */,
				813E2FFC20E1973800D10BF9 /* UIColor+Extensions.swift in Sources */,
				813E2FF120E1915D00D10BF9 /* ProfileViewController.swift in Sources */,
				81270A5620E2B03F005F7152 /* FeedCollectionViewCell.swift in Sources */,
				813E2FEB20E1912C00D10BF9 /* FeedViewController.swift in Sources */,
				0173E87E20E18C6D00508EC2 /* AppDelegate.swift in Sources */,
				8186C62820E4294B00B4DD24 /* UIFont+Extension.swift in Sources */,
				813E2FF720E1919100D10BF9 /* SettingsViewController.swift in Sources */,
			);
			runOnlyForDeploymentPostprocessing = 0;
		};
/* End PBXSourcesBuildPhase section */

/* Begin PBXVariantGroup section */
		0173E88620E18C6F00508EC2 /* LaunchScreen.storyboard */ = {
			isa = PBXVariantGroup;
			children = (
				0173E88720E18C6F00508EC2 /* Base */,
			);
			name = LaunchScreen.storyboard;
			sourceTree = "<group>";
		};
/* End PBXVariantGroup section */

/* Begin XCBuildConfiguration section */
		0173E88A20E18C6F00508EC2 /* Debug */ = {
			isa = XCBuildConfiguration;
			buildSettings = {
				ALWAYS_SEARCH_USER_PATHS = NO;
				CLANG_ANALYZER_NONNULL = YES;
				CLANG_ANALYZER_NUMBER_OBJECT_CONVERSION = YES_AGGRESSIVE;
				CLANG_CXX_LANGUAGE_STANDARD = "gnu++14";
				CLANG_CXX_LIBRARY = "libc++";
				CLANG_ENABLE_MODULES = YES;
				CLANG_ENABLE_OBJC_ARC = YES;
				CLANG_ENABLE_OBJC_WEAK = YES;
				CLANG_WARN_BLOCK_CAPTURE_AUTORELEASING = YES;
				CLANG_WARN_BOOL_CONVERSION = YES;
				CLANG_WARN_COMMA = YES;
				CLANG_WARN_CONSTANT_CONVERSION = YES;
				CLANG_WARN_DEPRECATED_OBJC_IMPLEMENTATIONS = YES;
				CLANG_WARN_DIRECT_OBJC_ISA_USAGE = YES_ERROR;
				CLANG_WARN_DOCUMENTATION_COMMENTS = YES;
				CLANG_WARN_EMPTY_BODY = YES;
				CLANG_WARN_ENUM_CONVERSION = YES;
				CLANG_WARN_INFINITE_RECURSION = YES;
				CLANG_WARN_INT_CONVERSION = YES;
				CLANG_WARN_NON_LITERAL_NULL_CONVERSION = YES;
				CLANG_WARN_OBJC_IMPLICIT_RETAIN_SELF = YES;
				CLANG_WARN_OBJC_LITERAL_CONVERSION = YES;
				CLANG_WARN_OBJC_ROOT_CLASS = YES_ERROR;
				CLANG_WARN_RANGE_LOOP_ANALYSIS = YES;
				CLANG_WARN_STRICT_PROTOTYPES = YES;
				CLANG_WARN_SUSPICIOUS_MOVE = YES;
				CLANG_WARN_UNGUARDED_AVAILABILITY = YES_AGGRESSIVE;
				CLANG_WARN_UNREACHABLE_CODE = YES;
				CLANG_WARN__DUPLICATE_METHOD_MATCH = YES;
				CODE_SIGN_IDENTITY = "iPhone Developer";
				COPY_PHASE_STRIP = NO;
				DEBUG_INFORMATION_FORMAT = dwarf;
				ENABLE_STRICT_OBJC_MSGSEND = YES;
				ENABLE_TESTABILITY = YES;
				GCC_C_LANGUAGE_STANDARD = gnu11;
				GCC_DYNAMIC_NO_PIC = NO;
				GCC_NO_COMMON_BLOCKS = YES;
				GCC_OPTIMIZATION_LEVEL = 0;
				GCC_PREPROCESSOR_DEFINITIONS = (
					"DEBUG=1",
					"$(inherited)",
				);
				GCC_WARN_64_TO_32_BIT_CONVERSION = YES;
				GCC_WARN_ABOUT_RETURN_TYPE = YES_ERROR;
				GCC_WARN_UNDECLARED_SELECTOR = YES;
				GCC_WARN_UNINITIALIZED_AUTOS = YES_AGGRESSIVE;
				GCC_WARN_UNUSED_FUNCTION = YES;
				GCC_WARN_UNUSED_VARIABLE = YES;
				IPHONEOS_DEPLOYMENT_TARGET = 11.4;
				MTL_ENABLE_DEBUG_INFO = YES;
				ONLY_ACTIVE_ARCH = YES;
				SDKROOT = iphoneos;
				SWIFT_ACTIVE_COMPILATION_CONDITIONS = DEBUG;
				SWIFT_OPTIMIZATION_LEVEL = "-Onone";
			};
			name = Debug;
		};
		0173E88B20E18C6F00508EC2 /* Release */ = {
			isa = XCBuildConfiguration;
			buildSettings = {
				ALWAYS_SEARCH_USER_PATHS = NO;
				CLANG_ANALYZER_NONNULL = YES;
				CLANG_ANALYZER_NUMBER_OBJECT_CONVERSION = YES_AGGRESSIVE;
				CLANG_CXX_LANGUAGE_STANDARD = "gnu++14";
				CLANG_CXX_LIBRARY = "libc++";
				CLANG_ENABLE_MODULES = YES;
				CLANG_ENABLE_OBJC_ARC = YES;
				CLANG_ENABLE_OBJC_WEAK = YES;
				CLANG_WARN_BLOCK_CAPTURE_AUTORELEASING = YES;
				CLANG_WARN_BOOL_CONVERSION = YES;
				CLANG_WARN_COMMA = YES;
				CLANG_WARN_CONSTANT_CONVERSION = YES;
				CLANG_WARN_DEPRECATED_OBJC_IMPLEMENTATIONS = YES;
				CLANG_WARN_DIRECT_OBJC_ISA_USAGE = YES_ERROR;
				CLANG_WARN_DOCUMENTATION_COMMENTS = YES;
				CLANG_WARN_EMPTY_BODY = YES;
				CLANG_WARN_ENUM_CONVERSION = YES;
				CLANG_WARN_INFINITE_RECURSION = YES;
				CLANG_WARN_INT_CONVERSION = YES;
				CLANG_WARN_NON_LITERAL_NULL_CONVERSION = YES;
				CLANG_WARN_OBJC_IMPLICIT_RETAIN_SELF = YES;
				CLANG_WARN_OBJC_LITERAL_CONVERSION = YES;
				CLANG_WARN_OBJC_ROOT_CLASS = YES_ERROR;
				CLANG_WARN_RANGE_LOOP_ANALYSIS = YES;
				CLANG_WARN_STRICT_PROTOTYPES = YES;
				CLANG_WARN_SUSPICIOUS_MOVE = YES;
				CLANG_WARN_UNGUARDED_AVAILABILITY = YES_AGGRESSIVE;
				CLANG_WARN_UNREACHABLE_CODE = YES;
				CLANG_WARN__DUPLICATE_METHOD_MATCH = YES;
				CODE_SIGN_IDENTITY = "iPhone Developer";
				COPY_PHASE_STRIP = NO;
				DEBUG_INFORMATION_FORMAT = "dwarf-with-dsym";
				ENABLE_NS_ASSERTIONS = NO;
				ENABLE_STRICT_OBJC_MSGSEND = YES;
				GCC_C_LANGUAGE_STANDARD = gnu11;
				GCC_NO_COMMON_BLOCKS = YES;
				GCC_WARN_64_TO_32_BIT_CONVERSION = YES;
				GCC_WARN_ABOUT_RETURN_TYPE = YES_ERROR;
				GCC_WARN_UNDECLARED_SELECTOR = YES;
				GCC_WARN_UNINITIALIZED_AUTOS = YES_AGGRESSIVE;
				GCC_WARN_UNUSED_FUNCTION = YES;
				GCC_WARN_UNUSED_VARIABLE = YES;
				IPHONEOS_DEPLOYMENT_TARGET = 11.4;
				MTL_ENABLE_DEBUG_INFO = NO;
				SDKROOT = iphoneos;
				SWIFT_COMPILATION_MODE = wholemodule;
				SWIFT_OPTIMIZATION_LEVEL = "-O";
				VALIDATE_PRODUCT = YES;
			};
			name = Release;
		};
		0173E88D20E18C6F00508EC2 /* Debug */ = {
			isa = XCBuildConfiguration;
			buildSettings = {
				ASSETCATALOG_COMPILER_APPICON_NAME = AppIcon;
				CODE_SIGN_STYLE = Automatic;
<<<<<<< HEAD
				DEVELOPMENT_TEAM = S7CCUH8W47;
=======
				DEVELOPMENT_TEAM = 94C4Q5DME5;
>>>>>>> 194eae47aff600f0ffc79cbdddb9fc97c28024ec
				INFOPLIST_FILE = "$(SRCROOT)/BadgingTracker/Resources/Info.plist";
				LD_RUNPATH_SEARCH_PATHS = (
					"$(inherited)",
					"@executable_path/Frameworks",
				);
				PRODUCT_BUNDLE_IDENTIFIER = com.wesstpeak.BadgingTracker;
				PRODUCT_NAME = "$(TARGET_NAME)";
				SWIFT_VERSION = 4.0;
				TARGETED_DEVICE_FAMILY = "1,2";
			};
			name = Debug;
		};
		0173E88E20E18C6F00508EC2 /* Release */ = {
			isa = XCBuildConfiguration;
			buildSettings = {
				ASSETCATALOG_COMPILER_APPICON_NAME = AppIcon;
				CODE_SIGN_STYLE = Automatic;
<<<<<<< HEAD
				DEVELOPMENT_TEAM = S7CCUH8W47;
=======
				DEVELOPMENT_TEAM = 94C4Q5DME5;
>>>>>>> 194eae47aff600f0ffc79cbdddb9fc97c28024ec
				INFOPLIST_FILE = "$(SRCROOT)/BadgingTracker/Resources/Info.plist";
				LD_RUNPATH_SEARCH_PATHS = (
					"$(inherited)",
					"@executable_path/Frameworks",
				);
				PRODUCT_BUNDLE_IDENTIFIER = com.wesstpeak.BadgingTracker;
				PRODUCT_NAME = "$(TARGET_NAME)";
				SWIFT_VERSION = 4.0;
				TARGETED_DEVICE_FAMILY = "1,2";
			};
			name = Release;
		};
/* End XCBuildConfiguration section */

/* Begin XCConfigurationList section */
		0173E87520E18C6D00508EC2 /* Build configuration list for PBXProject "BadgingTracker" */ = {
			isa = XCConfigurationList;
			buildConfigurations = (
				0173E88A20E18C6F00508EC2 /* Debug */,
				0173E88B20E18C6F00508EC2 /* Release */,
			);
			defaultConfigurationIsVisible = 0;
			defaultConfigurationName = Release;
		};
		0173E88C20E18C6F00508EC2 /* Build configuration list for PBXNativeTarget "BadgingTracker" */ = {
			isa = XCConfigurationList;
			buildConfigurations = (
				0173E88D20E18C6F00508EC2 /* Debug */,
				0173E88E20E18C6F00508EC2 /* Release */,
			);
			defaultConfigurationIsVisible = 0;
			defaultConfigurationName = Release;
		};
/* End XCConfigurationList section */
	};
	rootObject = 0173E87220E18C6D00508EC2 /* Project object */;
}
